<?xml version="1.0" encoding="utf-8"?>
<Project ToolsVersion="4.0" xmlns="http://schemas.microsoft.com/developer/msbuild/2003">
  <ItemGroup>
    <Filter Include="源文件">
      <UniqueIdentifier>{4FC737F1-C7A5-4376-A066-2A32D752A2FF}</UniqueIdentifier>
      <Extensions>cpp;c;cc;cxx;def;odl;idl;hpj;bat;asm;asmx</Extensions>
    </Filter>
    <Filter Include="头文件">
      <UniqueIdentifier>{93995380-89BD-4b04-88EB-625FBE52EBFB}</UniqueIdentifier>
      <Extensions>h;hh;hpp;hxx;hm;inl;inc;ipp;xsd</Extensions>
    </Filter>
    <Filter Include="资源文件">
      <UniqueIdentifier>{67DA6AB6-F800-4c08-8B7A-83BB121AAD01}</UniqueIdentifier>
      <Extensions>rc;ico;cur;bmp;dlg;rc2;rct;bin;rgs;gif;jpg;jpeg;jpe;resx;tiff;tif;png;wav;mfcribbon-ms</Extensions>
    </Filter>
  </ItemGroup>
  <ItemGroup>
    <ClInclude Include="GocatorCamera.h">
      <Filter>头文件</Filter>
    </ClInclude>
    <ClInclude Include="GocatorCameraDlg.h">
      <Filter>头文件</Filter>
    </ClInclude>
    <ClInclude Include="stdafx.h">
      <Filter>头文件</Filter>
    </ClInclude>
    <ClInclude Include="targetver.h">
      <Filter>头文件</Filter>
    </ClInclude>
    <ClInclude Include="Resource.h">
      <Filter>头文件</Filter>
    </ClInclude>
    <ClInclude Include="ReceiveDataAsync.h">
      <Filter>头文件</Filter>
    </ClInclude>
    <ClInclude Include="ReceiveDataSurface.h">
      <Filter>头文件</Filter>
    </ClInclude>
    <ClInclude Include="CCLogWnd.h">
      <Filter>头文件</Filter>
    </ClInclude>
    <ClInclude Include="ReceiveFromProfile.h">
      <Filter>头文件</Filter>
    </ClInclude>
    <ClInclude Include="BackupRestore.h">
      <Filter>头文件</Filter>
    </ClInclude>
    <ClInclude Include="ToDealOutSetCamera.h">
      <Filter>头文件</Filter>
    </ClInclude>
    <ClInclude Include="SensorConfigure.h">
      <Filter>头文件</Filter>
    </ClInclude>
    <ClInclude Include="BuddySenSystem.h">
      <Filter>头文件</Filter>
    </ClInclude>
    <ClInclude Include="AcceleratorReceiveSys.h">
      <Filter>头文件</Filter>
    </ClInclude>
    <ClInclude Include="SysStatus.h">
      <Filter>头文件</Filter>
    </ClInclude>
    <ClInclude Include="ReceiveSyncData.h">
      <Filter>头文件</Filter>
    </ClInclude>
    <ClInclude Include="Support.h">
      <Filter>头文件</Filter>
    </ClInclude>
    <ClInclude Include="SysAbout.h">
      <Filter>头文件</Filter>
    </ClInclude>
    <ClInclude Include="ShowAllInfo.h">
      <Filter>头文件</Filter>
    </ClInclude>
    <ClInclude Include="NewReceiveProfile.h">
      <Filter>头文件</Filter>
    </ClInclude>
    <ClInclude Include="SetUseLogObj.h">
      <Filter>头文件</Filter>
    </ClInclude>
  </ItemGroup>
  <ItemGroup>
    <ClCompile Include="GocatorCamera.cpp">
      <Filter>源文件</Filter>
    </ClCompile>
    <ClCompile Include="GocatorCameraDlg.cpp">
      <Filter>源文件</Filter>
    </ClCompile>
    <ClCompile Include="stdafx.cpp">
      <Filter>源文件</Filter>
    </ClCompile>
    <ClCompile Include="ReceiveDataAsync.cpp">
      <Filter>源文件</Filter>
    </ClCompile>
    <ClCompile Include="ReceiveDataSurface.cpp">
      <Filter>源文件</Filter>
    </ClCompile>
    <ClCompile Include="CCLogWnd.cpp">
      <Filter>源文件</Filter>
    </ClCompile>
    <ClCompile Include="ReceiveFromProfile.cpp">
      <Filter>源文件</Filter>
    </ClCompile>
    <ClCompile Include="BackupRestore.cpp">
      <Filter>源文件</Filter>
    </ClCompile>
    <ClCompile Include="ToDealOutSetCamera.cpp">
      <Filter>源文件</Filter>
    </ClCompile>
    <ClCompile Include="SensorConfigure.cpp">
      <Filter>源文件</Filter>
    </ClCompile>
    <ClCompile Include="BuddySenSystem.cpp">
      <Filter>源文件</Filter>
    </ClCompile>
    <ClCompile Include="AcceleratorReceiveSys.cpp">
      <Filter>源文件</Filter>
    </ClCompile>
    <ClCompile Include="SysStatus.cpp">
      <Filter>源文件</Filter>
    </ClCompile>
    <ClCompile Include="ReceiveSyncData.cpp">
      <Filter>源文件</Filter>
    </ClCompile>
    <ClCompile Include="Support.cpp">
      <Filter>源文件</Filter>
    </ClCompile>
    <ClCompile Include="SysAbout.cpp">
      <Filter>源文件</Filter>
    </ClCompile>
    <ClCompile Include="ShowAllInfo.cpp">
      <Filter>源文件</Filter>
    </ClCompile>
    <ClCompile Include="NewReceiveProfile.cpp">
      <Filter>源文件</Filter>
    </ClCompile>
    <ClCompile Include="SetUseLogObj.cpp">
      <Filter>源文件</Filter>
    </ClCompile>
  </ItemGroup>
  <ItemGroup>
    <ResourceCompile Include="GocatorCamera.rc">
      <Filter>资源文件</Filter>
    </ResourceCompile>
  </ItemGroup>
  <ItemGroup>
    <None Include="res\GocatorCamera.rc2">
      <Filter>资源文件</Filter>
    </None>
  </ItemGroup>
  <ItemGroup>
    <Image Include="res\GocatorCamera.ico">
      <Filter>资源文件</Filter>
    </Image>
    <Image Include="..\image\3d_scanning_128px_1097012_easyicon.net.ico">
      <Filter>资源文件</Filter>
    </Image>
    <Image Include="..\image\SyncLoad.bmp">
      <Filter>资源文件</Filter>
    </Image>
    <Image Include="F:\GocatorCameraApp-V1.8\image\3d_scanning_128px_1097012_easyicon.net.ico">
      <Filter>资源文件</Filter>
    </Image>
    <Image Include="F:\GocatorCameraApp-V1.8\image\SyncLoad.bmp">
      <Filter>资源文件</Filter>
    </Image>
    <Image Include="..\image\bitmap1.bmp">
      <Filter>资源文件</Filter>
    </Image>
    <Image Include="..\image\softdlg.bmp">
      <Filter>资源文件</Filter>
    </Image>
  </ItemGroup>
</Project>